PODS:
  - Alamofire (5.5.0)
  - Moya/Core (14.0.0):
    - Alamofire (~> 5.0)
  - Moya/RxSwift (14.0.0):
    - Moya/Core
    - RxSwift (~> 5.0)
  - RxCocoa (5.1.3):
    - RxRelay (~> 5)
    - RxSwift (~> 5)
  - RxRelay (5.1.3):
    - RxSwift (~> 5)
  - RxSwift (5.1.3)
  - SQLite.swift (0.13.2):
    - SQLite.swift/standard (= 0.13.2)
  - SQLite.swift/standard (0.13.2)
  - SwiftLint (0.46.2)

DEPENDENCIES:
  - Moya/RxSwift (~> 14.0)
  - RxCocoa (~> 5)
  - RxSwift (~> 5.1)
  - SQLite.swift (~> 0.13.2)
  - SwiftLint

SPEC REPOS:
  trunk:
    - Alamofire
    - Moya
    - RxCocoa
    - RxRelay
    - RxSwift
    - SQLite.swift
    - SwiftLint

SPEC CHECKSUMS:
  Alamofire: 1c4fb5369c3fe93d2857c780d8bbe09f06f97e7c
  Moya: 5b45dacb75adb009f97fde91c204c1e565d31916
  RxCocoa: e2ed092d5432e4296aa818021d27de4090ac0354
  RxRelay: 5a18c2eb2d68326ebaf0112f80d837ae41b92b97
  RxSwift: 915abbdfb62214aa89ccd0b194d44fb478019b27
  SQLite.swift: 4fc2be46c36392e3b87afe6fe7f1801c1daa07ef
  SwiftLint: 6bc52a21f0fd44cab9aa2dc8e534fb9f5e3ec507

PODFILE CHECKSUM: 2a259a189eca1fb307757804c9123ac46e6aa35d

COCOAPODS: 1.11.2
